// !$*UTF8*$!
{
	archiveVersion = 1;
	classes = {
	};
	objectVersion = 50;
	objects = {

/* Begin PBXBuildFile section */
		19ACE79F256BB40F00938BED /* AppDelegate.swift in Sources */ = {isa = PBXBuildFile; fileRef = 19ACE79E256BB40F00938BED /* AppDelegate.swift */; };
		19ACE7A1256BB40F00938BED /* SceneDelegate.swift in Sources */ = {isa = PBXBuildFile; fileRef = 19ACE7A0256BB40F00938BED /* SceneDelegate.swift */; };
		19ACE7A3256BB40F00938BED /* ViewController.swift in Sources */ = {isa = PBXBuildFile; fileRef = 19ACE7A2256BB40F00938BED /* ViewController.swift */; };
		19ACE7A6256BB40F00938BED /* Main.storyboard in Resources */ = {isa = PBXBuildFile; fileRef = 19ACE7A4256BB40F00938BED /* Main.storyboard */; };
		19ACE7A8256BB41100938BED /* Assets.xcassets in Resources */ = {isa = PBXBuildFile; fileRef = 19ACE7A7256BB41100938BED /* Assets.xcassets */; };
		19ACE7AB256BB41100938BED /* LaunchScreen.storyboard in Resources */ = {isa = PBXBuildFile; fileRef = 19ACE7A9256BB41100938BED /* LaunchScreen.storyboard */; };
/* End PBXBuildFile section */

/* Begin PBXFileReference section */
		19ACE79B256BB40F00938BED /* iOSBookChapter3v2.app */ = {isa = PBXFileReference; explicitFileType = wrapper.application; includeInIndex = 0; path = iOSBookChapter3v2.app; sourceTree = BUILT_PRODUCTS_DIR; };
		19ACE79E256BB40F00938BED /* AppDelegate.swift */ = {isa = PBXFileReference; lastKnownFileType = sourcecode.swift; path = AppDelegate.swift; sourceTree = "<group>"; };
		19ACE7A0256BB40F00938BED /* SceneDelegate.swift */ = {isa = PBXFileReference; lastKnownFileType = sourcecode.swift; path = SceneDelegate.swift; sourceTree = "<group>"; };
		19ACE7A2256BB40F00938BED /* ViewController.swift */ = {isa = PBXFileReference; lastKnownFileType = sourcecode.swift; path = ViewController.swift; sourceTree = "<group>"; };
		19ACE7A5256BB40F00938BED /* Base */ = {isa = PBXFileReference; lastKnownFileType = file.storyboard; name = Base; path = Base.lproj/Main.storyboard; sourceTree = "<group>"; };
		19ACE7A7256BB41100938BED /* Assets.xcassets */ = {isa = PBXFileReference; lastKnownFileType = folder.assetcatalog; path = Assets.xcassets; sourceTree = "<group>"; };
		19ACE7AA256BB41100938BED /* Base */ = {isa = PBXFileReference; lastKnownFileType = file.storyboard; name = Base; path = Base.lproj/LaunchScreen.storyboard; sourceTree = "<group>"; };
		19ACE7AC256BB41100938BED /* Info.plist */ = {isa = PBXFileReference; lastKnownFileType = text.plist.xml; path = Info.plist; sourceTree = "<group>"; };
/* End PBXFileReference section */

/* Begin PBXFrameworksBuildPhase section */
		19ACE798256BB40E00938BED /* Frameworks */ = {
			isa = PBXFrameworksBuildPhase;
			buildActionMask = 2147483647;
			files = (
			);
			runOnlyForDeploymentPostprocessing = 0;
		};
/* End PBXFrameworksBuildPhase section */

/* Begin PBXGroup section */
		19ACE792256BB40E00938BED = {
			isa = PBXGroup;
			children = (
				19ACE79D256BB40F00938BED /* iOSBookChapter3v2 */,
				19ACE79C256BB40F00938BED /* Products */,
			);
			sourceTree = "<group>";
		};
		19ACE79C256BB40F00938BED /* Products */ = {
			isa = PBXGroup;
			children = (
				19ACE79B256BB40F00938BED /* iOSBookChapter3v2.app */,
			);
			name = Products;
			sourceTree = "<group>";
		};
		19ACE79D256BB40F00938BED /* iOSBookChapter3v2 */ = {
			isa = PBXGroup;
			children = (
				19ACE79E256BB40F00938BED /* AppDelegate.swift */,
				19ACE7A0256BB40F00938BED /* SceneDelegate.swift */,
				19ACE7A2256BB40F00938BED /* ViewController.swift */,
				19ACE7A4256BB40F00938BED /* Main.storyboard */,
				19ACE7A7256BB41100938BED /* Assets.xcassets */,
				19ACE7A9256BB41100938BED /* LaunchScreen.storyboard */,
				19ACE7AC256BB41100938BED /* Info.plist */,
			);
			path = iOSBookChapter3v2;
			sourceTree = "<group>";
		};
/* End PBXGroup section */

/* Begin PBXNativeTarget section */
		19ACE79A256BB40E00938BED /* iOSBookChapter3v2 */ = {
			isa = PBXNativeTarget;
			buildConfigurationList = 19ACE7AF256BB41100938BED /* Build configuration list for PBXNativeTarget "iOSBookChapter3v2" */;
			buildPhases = (
				19ACE797256BB40E00938BED /* Sources */,
				19ACE798256BB40E00938BED /* Frameworks */,
				19ACE799256BB40E00938BED /* Resources */,
			);
			buildRules = (
			);
			dependencies = (
			);
			name = iOSBookChapter3v2;
			productName = iOSBookChapter3v2;
			productReference = 19ACE79B256BB40F00938BED /* iOSBookChapter3v2.app */;
			productType = "com.apple.product-type.application";
		};
/* End PBXNativeTarget section */

/* Begin PBXProject section */
		19ACE793256BB40E00938BED /* Project object */ = {
			isa = PBXProject;
			attributes = {
				LastSwiftUpdateCheck = 1220;
				LastUpgradeCheck = 1220;
				TargetAttributes = {
					19ACE79A256BB40E00938BED = {
						CreatedOnToolsVersion = 12.2;
					};
				};
			};
			buildConfigurationList = 19ACE796256BB40E00938BED /* Build configuration list for PBXProject "iOSBookChapter3v2" */;
			compatibilityVersion = "Xcode 9.3";
			developmentRegion = en;
			hasScannedForEncodings = 0;
			knownRegions = (
				en,
				Base,
			);
			mainGroup = 19ACE792256BB40E00938BED;
			productRefGroup = 19ACE79C256BB40F00938BED /* Products */;
			projectDirPath = "";
			projectRoot = "";
			targets = (
				19ACE79A256BB40E00938BED /* iOSBookChapter3v2 */,
			);
		};
/* End PBXProject section */

/* Begin PBXResourcesBuildPhase section */
		19ACE799256BB40E00938BED /* Resources */ = {
			isa = PBXResourcesBuildPhase;
			buildActionMask = 2147483647;
			files = (
				19ACE7AB256BB41100938BED /* LaunchScreen.storyboard in Resources */,
				19ACE7A8256BB41100938BED /* Assets.xcassets in Resources */,
				19ACE7A6256BB40F00938BED /* Main.storyboard in Resources */,
			);
			runOnlyForDeploymentPostprocessing = 0;
		};
/* End PBXResourcesBuildPhase section */

/* Begin PBXSourcesBuildPhase section */
		19ACE797256BB40E00938BED /* Sources */ = {
			isa = PBXSourcesBuildPhase;
			buildActionMask = 2147483647;
			files = (
				19ACE7A3256BB40F00938BED /* ViewController.swift in Sources */,
				19ACE79F256BB40F00938BED /* AppDelegate.swift in Sources */,
				19ACE7A1256BB40F00938BED /* SceneDelegate.swift in Sources */,
			);
			runOnlyForDeploymentPostprocessing = 0;
		};
/* End PBXSourcesBuildPhase section */

/* Begin PBXVariantGroup section */
		19ACE7A4256BB40F00938BED /* Main.storyboard */ = {
			isa = PBXVariantGroup;
			children = (
				19ACE7A5256BB40F00938BED /* Base */,
			);
			name = Main.storyboard;
			sourceTree = "<group>";
		};
		19ACE7A9256BB41100938BED /* LaunchScreen.storyboard */ = {
			isa = PBXVariantGroup;
			children = (
				19ACE7AA256BB41100938BED /* Base */,
			);
			name = LaunchScreen.storyboard;
			sourceTree = "<group>";
		};
/* End PBXVariantGroup section */

/* Begin XCBuildConfiguration section */
		19ACE7AD256BB41100938BED /* Debug */ = {
			isa = XCBuildConfiguration;
			buildSettings = {
				ALWAYS_SEARCH_USER_PATHS = NO;
				CLANG_ANALYZER_NONNULL = YES;
				CLANG_ANALYZER_NUMBER_OBJECT_CONVERSION = YES_AGGRESSIVE;
				CLANG_CXX_LANGUAGE_STANDARD = "gnu++14";
				CLANG_CXX_LIBRARY = "libc++";
				CLANG_ENABLE_MODULES = YES;
				CLANG_ENABLE_OBJC_ARC = YES;
				CLANG_ENABLE_OBJC_WEAK = YES;
				CLANG_WARN_BLOCK_CAPTURE_AUTORELEASING = YES;
				CLANG_WARN_BOOL_CONVERSION = YES;
				CLANG_WARN_COMMA = YES;
				CLANG_WARN_CONSTANT_CONVERSION = YES;
				CLANG_WARN_DEPRECATED_OBJC_IMPLEMENTATIONS = YES;
				CLANG_WARN_DIRECT_OBJC_ISA_USAGE = YES_ERROR;
				CLANG_WARN_DOCUMENTATION_COMMENTS = YES;
				CLANG_WARN_EMPTY_BODY = YES;
				CLANG_WARN_ENUM_CONVERSION = YES;
				CLANG_WARN_INFINITE_RECURSION = YES;
				CLANG_WARN_INT_CONVERSION = YES;
				CLANG_WARN_NON_LITERAL_NULL_CONVERSION = YES;
				CLANG_WARN_OBJC_IMPLICIT_RETAIN_SELF = YES;
				CLANG_WARN_OBJC_LITERAL_CONVERSION = YES;
				CLANG_WARN_OBJC_ROOT_CLASS = YES_ERROR;
				CLANG_WARN_QUOTED_INCLUDE_IN_FRAMEWORK_HEADER = YES;
				CLANG_WARN_RANGE_LOOP_ANALYSIS = YES;
				CLANG_WARN_STRICT_PROTOTYPES = YES;
				CLANG_WARN_SUSPICIOUS_MOVE = YES;
				CLANG_WARN_UNGUARDED_AVAILABILITY = YES_AGGRESSIVE;
				CLANG_WARN_UNREACHABLE_CODE = YES;
				CLANG_WARN__DUPLICATE_METHOD_MATCH = YES;
				COPY_PHASE_STRIP = NO;
				DEBUG_INFORMATION_FORMAT = dwarf;
				ENABLE_STRICT_OBJC_MSGSEND = YES;
				ENABLE_TESTABILITY = YES;
				GCC_C_LANGUAGE_STANDARD = gnu11;
				GCC_DYNAMIC_NO_PIC = NO;
				GCC_NO_COMMON_BLOCKS = YES;
				GCC_OPTIMIZATION_LEVEL = 0;
				GCC_PREPROCESSOR_DEFINITIONS = (
					"DEBUG=1",
					"$(inherited)",
				);
				GCC_WARN_64_TO_32_BIT_CONVERSION = YES;
				GCC_WARN_ABOUT_RETURN_TYPE = YES_ERROR;
				GCC_WARN_UNDECLARED_SELECTOR = YES;
				GCC_WARN_UNINITIALIZED_AUTOS = YES_AGGRESSIVE;
				GCC_WARN_UNUSED_FUNCTION = YES;
				GCC_WARN_UNUSED_VARIABLE = YES;
				IPHONEOS_DEPLOYMENT_TARGET = 14.2;
				MTL_ENABLE_DEBUG_INFO = INCLUDE_SOURCE;
				MTL_FAST_MATH = YES;
				ONLY_ACTIVE_ARCH = YES;
				SDKROOT = iphoneos;
				SWIFT_ACTIVE_COMPILATION_CONDITIONS = DEBUG;
				SWIFT_OPTIMIZATION_LEVEL = "-Onone";
			};
			name = Debug;
		};
		19ACE7AE256BB41100938BED /* Release */ = {
			isa = XCBuildConfiguration;
			buildSettings = {
				ALWAYS_SEARCH_USER_PATHS = NO;
				CLANG_ANALYZER_NONNULL = YES;
				CLANG_ANALYZER_NUMBER_OBJECT_CONVERSION = YES_AGGRESSIVE;
				CLANG_CXX_LANGUAGE_STANDARD = "gnu++14";
				CLANG_CXX_LIBRARY = "libc++";
				CLANG_ENABLE_MODULES = YES;
				CLANG_ENABLE_OBJC_ARC = YES;
				CLANG_ENABLE_OBJC_WEAK = YES;
				CLANG_WARN_BLOCK_CAPTURE_AUTORELEASING = YES;
				CLANG_WARN_BOOL_CONVERSION = YES;
				CLANG_WARN_COMMA = YES;
				CLANG_WARN_CONSTANT_CONVERSION = YES;
				CLANG_WARN_DEPRECATED_OBJC_IMPLEMENTATIONS = YES;
				CLANG_WARN_DIRECT_OBJC_ISA_USAGE = YES_ERROR;
				CLANG_WARN_DOCUMENTATION_COMMENTS = YES;
				CLANG_WARN_EMPTY_BODY = YES;
				CLANG_WARN_ENUM_CONVERSION = YES;
				CLANG_WARN_INFINITE_RECURSION = YES;
				CLANG_WARN_INT_CONVERSION = YES;
				CLANG_WARN_NON_LITERAL_NULL_CONVERSION = YES;
				CLANG_WARN_OBJC_IMPLICIT_RETAIN_SELF = YES;
				CLANG_WARN_OBJC_LITERAL_CONVERSION = YES;
				CLANG_WARN_OBJC_ROOT_CLASS = YES_ERROR;
				CLANG_WARN_QUOTED_INCLUDE_IN_FRAMEWORK_HEADER = YES;
				CLANG_WARN_RANGE_LOOP_ANALYSIS = YES;
				CLANG_WARN_STRICT_PROTOTYPES = YES;
				CLANG_WARN_SUSPICIOUS_MOVE = YES;
				CLANG_WARN_UNGUARDED_AVAILABILITY = YES_AGGRESSIVE;
				CLANG_WARN_UNREACHABLE_CODE = YES;
				CLANG_WARN__DUPLICATE_METHOD_MATCH = YES;
				COPY_PHASE_STRIP = NO;
				DEBUG_INFORMATION_FORMAT = "dwarf-with-dsym";
				ENABLE_NS_ASSERTIONS = NO;
				ENABLE_STRICT_OBJC_MSGSEND = YES;
				GCC_C_LANGUAGE_STANDARD = gnu11;
				GCC_NO_COMMON_BLOCKS = YES;
				GCC_WARN_64_TO_32_BIT_CONVERSION = YES;
				GCC_WARN_ABOUT_RETURN_TYPE = YES_ERROR;
				GCC_WARN_UNDECLARED_SELECTOR = YES;
				GCC_WARN_UNINITIALIZED_AUTOS = YES_AGGRESSIVE;
				GCC_WARN_UNUSED_FUNCTION = YES;
				GCC_WARN_UNUSED_VARIABLE = YES;
				IPHONEOS_DEPLOYMENT_TARGET = 14.2;
				MTL_ENABLE_DEBUG_INFO = NO;
				MTL_FAST_MATH = YES;
				SDKROOT = iphoneos;
				SWIFT_COMPILATION_MODE = wholemodule;
				SWIFT_OPTIMIZATION_LEVEL = "-O";
				VALIDATE_PRODUCT = YES;
			};
			name = Release;
		};
		19ACE7B0256BB41100938BED /* Debug */ = {
			isa = XCBuildConfiguration;
			buildSettings = {
				ASSETCATALOG_COMPILER_APPICON_NAME = AppIcon;
				ASSETCATALOG_COMPILER_GLOBAL_ACCENT_COLOR_NAME = AccentColor;
				CODE_SIGN_STYLE = Automatic;
				INFOPLIST_FILE = iOSBookChapter3v2/Info.plist;
				LD_RUNPATH_SEARCH_PATHS = (
					"$(inherited)",
					"@executable_path/Frameworks",
				);
				PRODUCT_BUNDLE_IDENTIFIER = com.laurile.iOSBookChapter3v2;
				PRODUCT_NAME = "$(TARGET_NAME)";
				SWIFT_VERSION = 5.0;
				TARGETED_DEVICE_FAMILY = "1,2";
			};
			name = Debug;
		};
		19ACE7B1256BB41100938BED /* Release */ = {
			isa = XCBuildConfiguration;
			buildSettings = {
				ASSETCATALOG_COMPILER_APPICON_NAME = AppIcon;
				ASSETCATALOG_COMPILER_GLOBAL_ACCENT_COLOR_NAME = AccentColor;
				CODE_SIGN_STYLE = Automatic;
				INFOPLIST_FILE = iOSBookChapter3v2/Info.plist;
				LD_RUNPATH_SEARCH_PATHS = (
					"$(inherited)",
					"@executable_path/Frameworks",
				);
				PRODUCT_BUNDLE_IDENTIFIER = com.laurile.iOSBookChapter3v2;
				PRODUCT_NAME = "$(TARGET_NAME)";
				SWIFT_VERSION = 5.0;
				TARGETED_DEVICE_FAMILY = "1,2";
			};
			name = Release;
		};
/* End XCBuildConfiguration section */

/* Begin XCConfigurationList section */
		19ACE796256BB40E00938BED /* Build configuration list for PBXProject "iOSBookChapter3v2" */ = {
			isa = XCConfigurationList;
			buildConfigurations = (
				19ACE7AD256BB41100938BED /* Debug */,
				19ACE7AE256BB41100938BED /* Release */,
			);
			defaultConfigurationIsVisible = 0;
			defaultConfigurationName = Release;
		};
		19ACE7AF256BB41100938BED /* Build configuration list for PBXNativeTarget "iOSBookChapter3v2" */ = {
			isa = XCConfigurationList;
			buildConfigurations = (
				19ACE7B0256BB41100938BED /* Debug */,
				19ACE7B1256BB41100938BED /* Release */,
			);
			defaultConfigurationIsVisible = 0;
			defaultConfigurationName = Release;
		};
/* End XCConfigurationList section */
	};
	rootObject = 19ACE793256BB40E00938BED /* Project object */;
}
